
Microsoft Visual Studio Solution File, Format Version 12.00
# Visual Studio Version 17
VisualStudioVersion = 17.4.33213.308
MinimumVisualStudioVersion = 10.0.40219.1
Project("{FAE04EC0-301F-11D3-BF4B-00C04F79EFBC}") = "UlrichEngine", "UlrichEngine\UlrichEngine.csproj", "{9EB88656-D0EB-45FE-89F2-C31FA9F3D629}"
EndProject
Global
	GlobalSection(SolutionConfigurationPlatforms) = preSolution
		Debug|Any CPU = Debug|Any CPU
		Release|Any CPU = Release|Any CPU
	EndGlobalSection
	GlobalSection(ProjectConfigurationPlatforms) = postSolution
		{9EB88656-D0EB-45FE-89F2-C31FA9F3D629}.Debug|Any CPU.ActiveCfg = Debug|Any CPU
		{9EB88656-D0EB-45FE-89F2-C31FA9F3D629}.Debug|Any CPU.Build.0 = Debug|Any CPU
		{9EB88656-D0EB-45FE-89F2-C31FA9F3D629}.Release|Any CPU.ActiveCfg = Release|Any CPU
		{9EB88656-D0EB-45FE-89F2-C31FA9F3D629}.Release|Any CPU.Build.0 = Release|Any CPU
	EndGlobalSection
	GlobalSection(SolutionProperties) = preSolution
		HideSolutionNode = FALSE
	EndGlobalSection
	GlobalSection(ExtensibilityGlobals) = postSolution
		SolutionGuid = {23587B34-FB18-49EE-8E90-19C986656176}
	EndGlobalSection
EndGlobal
